
Microsoft Visual Studio Solution File, Format Version 12.00
# Visual Studio Version 16
VisualStudioVersion = 16.0.30128.74
MinimumVisualStudioVersion = 10.0.40219.1
Project("{FAE04EC0-301F-11D3-BF4B-00C04F79EFBC}") = "client", "client\client.csproj", "{7160A421-373C-4FE3-A171-1895CF7B243D}"
EndProject
Project("{FAE04EC0-301F-11D3-BF4B-00C04F79EFBC}") = "Server", "Server\Server.csproj", "{CE74F6C4-8D59-402E-B78C-A17A1CD25377}"
EndProject
Global
	GlobalSection(SolutionConfigurationPlatforms) = preSolution
		Debug|Any CPU = Debug|Any CPU
		Release|Any CPU = Release|Any CPU
	EndGlobalSection
	GlobalSection(ProjectConfigurationPlatforms) = postSolution
		{7160A421-373C-4FE3-A171-1895CF7B243D}.Debug|Any CPU.ActiveCfg = Debug|Any CPU
		{7160A421-373C-4FE3-A171-1895CF7B243D}.Debug|Any CPU.Build.0 = Debug|Any CPU
		{7160A421-373C-4FE3-A171-1895CF7B243D}.Release|Any CPU.ActiveCfg = Release|Any CPU
		{7160A421-373C-4FE3-A171-1895CF7B243D}.Release|Any CPU.Build.0 = Release|Any CPU
		{CE74F6C4-8D59-402E-B78C-A17A1CD25377}.Debug|Any CPU.ActiveCfg = Debug|Any CPU
		{CE74F6C4-8D59-402E-B78C-A17A1CD25377}.Debug|Any CPU.Build.0 = Debug|Any CPU
		{CE74F6C4-8D59-402E-B78C-A17A1CD25377}.Release|Any CPU.ActiveCfg = Release|Any CPU
		{CE74F6C4-8D59-402E-B78C-A17A1CD25377}.Release|Any CPU.Build.0 = Release|Any CPU
	EndGlobalSection
	GlobalSection(SolutionProperties) = preSolution
		HideSolutionNode = FALSE
	EndGlobalSection
	GlobalSection(ExtensibilityGlobals) = postSolution
		SolutionGuid = {264BB1A3-E04E-4363-B833-535F041364F6}
	EndGlobalSection
EndGlobal
